<Solution>
  <Folder Name="/1 TransformersSharp/">
    <Project Path="../TransformersSharp/TransformersSharp.csproj" />
  </Folder>
  <Folder Name="/2 Environment Test/">
    <Project Path="TransformersSharp.EnvironmentTest/TransformersSharp.EnvironmentTest.csproj" />
  </Folder>
  <Folder Name="/3 Console Demos/">
    <Project Path="Demo01_Chat_Qwen/Demo01_Chat_Qwen.csproj" />
    <Project Path="Demo02_ChatMEAI_Qwen/Demo02_ChatMEAI_Qwen.csproj" />
    <Project Path="Demo03_text-to-image_Kandinsky/Demo03_text-to-image_Kandinsky.csproj" />
    <Project Path="Demo04_text-to-image_FLUX/Demo04_text-to-image_FLUX.csproj" />
    <Project Path="ConsoleApp4/ConsoleApp4.csproj" />
  </Folder>
</Solution>
